
Microsoft Visual Studio Solution File, Format Version 12.00
# Visual Studio 15
VisualStudioVersion = 15.0.28010.2036
MinimumVisualStudioVersion = 10.0.40219.1
Project("{FAE04EC0-301F-11D3-BF4B-00C04F79EFBC}") = "GameLab", "GameLab\GameLab.csproj", "{B28BAEC6-FE2B-44F4-A654-29CE467EAF3F}"
EndProject
Project("{54435603-DBB4-11D2-8724-00A0C9A8B90C}") = "Setup2", "Setup2\Setup2.vdproj", "{047B3DE2-3104-44C4-8316-BA4716A86839}"
EndProject
Global
	GlobalSection(SolutionConfigurationPlatforms) = preSolution
		Debug|Any CPU = Debug|Any CPU
		Release|Any CPU = Release|Any CPU
	EndGlobalSection
	GlobalSection(ProjectConfigurationPlatforms) = postSolution
		{B28BAEC6-FE2B-44F4-A654-29CE467EAF3F}.Debug|Any CPU.ActiveCfg = Debug|Any CPU
		{B28BAEC6-FE2B-44F4-A654-29CE467EAF3F}.Debug|Any CPU.Build.0 = Debug|Any CPU
		{B28BAEC6-FE2B-44F4-A654-29CE467EAF3F}.Release|Any CPU.ActiveCfg = Release|Any CPU
		{B28BAEC6-FE2B-44F4-A654-29CE467EAF3F}.Release|Any CPU.Build.0 = Release|Any CPU
		{047B3DE2-3104-44C4-8316-BA4716A86839}.Debug|Any CPU.ActiveCfg = Debug
		{047B3DE2-3104-44C4-8316-BA4716A86839}.Release|Any CPU.ActiveCfg = Release
	EndGlobalSection
	GlobalSection(SolutionProperties) = preSolution
		HideSolutionNode = FALSE
	EndGlobalSection
	GlobalSection(ExtensibilityGlobals) = postSolution
		SolutionGuid = {1841E2B1-E88C-4D58-A074-E8E55DF6E7BE}
	EndGlobalSection
EndGlobal
